
Microsoft Visual Studio Solution File, Format Version 12.00
# Visual Studio Version 17
VisualStudioVersion = 17.14.36414.22
MinimumVisualStudioVersion = 10.0.40219.1
Project("{FAE04EC0-301F-11D3-BF4B-00C04F79EFBC}") = "Zadanie_3", "Zadanie_3\Zadanie_3.csproj", "{42967F2C-C7F6-43C1-A95D-97C178A282F7}"
EndProject
Project("{FAE04EC0-301F-11D3-BF4B-00C04F79EFBC}") = "zadanie_4", "zadanie_4\zadanie_4.csproj", "{C4BBDAE5-2C09-4C01-9806-D37A5A838C38}"
EndProject
Project("{FAE04EC0-301F-11D3-BF4B-00C04F79EFBC}") = "Oceny", "Oceny\Oceny.csproj", "{CFC0E0F8-9EFA-4C51-AD89-7C862A9E1F90}"
EndProject
Project("{FAE04EC0-301F-11D3-BF4B-00C04F79EFBC}") = "Zadania", "Zadania\Zadania.csproj", "{5499019B-63AF-41A5-A89F-450F4FE9894D}"
EndProject
Project("{FAE04EC0-301F-11D3-BF4B-00C04F79EFBC}") = "Logowanie", "Logowanie\Logowanie.csproj", "{344090AA-331E-4A6E-901F-938020E4D654}"
EndProject
Project("{FAE04EC0-301F-11D3-BF4B-00C04F79EFBC}") = "BMI", "BMI\BMI.csproj", "{5DCD8449-0E2E-424A-9290-D5572D99F44D}"
EndProject
Project("{FAE04EC0-301F-11D3-BF4B-00C04F79EFBC}") = "Bankaccount", "Bankaccount\Bankaccount.csproj", "{7195BDA9-AADA-4084-9B01-ADD9766C26E4}"
EndProject
Project("{FAE04EC0-301F-11D3-BF4B-00C04F79EFBC}") = "polimorfizm", "polimorfizm\polimorfizm.csproj", "{D20274F0-14C6-48B5-8AE6-FB43E61BC1EF}"
EndProject
Project("{FAE04EC0-301F-11D3-BF4B-00C04F79EFBC}") = "Systemabstrakcyjny", "Systemabstrakcyjny\Systemabstrakcyjny.csproj", "{1DE6E0B2-B113-4165-8ECB-0CE1C645894B}"
EndProject
Project("{FAE04EC0-301F-11D3-BF4B-00C04F79EFBC}") = "ImplementacjaProstegoInterfejsu", "ConsoleApp1\ImplementacjaProstegoInterfejsu.csproj", "{F42344F6-2864-4CD4-9B4F-A6FABBB91707}"
EndProject
Global
	GlobalSection(SolutionConfigurationPlatforms) = preSolution
		Debug|Any CPU = Debug|Any CPU
		Release|Any CPU = Release|Any CPU
	EndGlobalSection
	GlobalSection(ProjectConfigurationPlatforms) = postSolution
		{42967F2C-C7F6-43C1-A95D-97C178A282F7}.Debug|Any CPU.ActiveCfg = Debug|Any CPU
		{42967F2C-C7F6-43C1-A95D-97C178A282F7}.Debug|Any CPU.Build.0 = Debug|Any CPU
		{42967F2C-C7F6-43C1-A95D-97C178A282F7}.Release|Any CPU.ActiveCfg = Release|Any CPU
		{42967F2C-C7F6-43C1-A95D-97C178A282F7}.Release|Any CPU.Build.0 = Release|Any CPU
		{C4BBDAE5-2C09-4C01-9806-D37A5A838C38}.Debug|Any CPU.ActiveCfg = Debug|Any CPU
		{C4BBDAE5-2C09-4C01-9806-D37A5A838C38}.Debug|Any CPU.Build.0 = Debug|Any CPU
		{C4BBDAE5-2C09-4C01-9806-D37A5A838C38}.Release|Any CPU.ActiveCfg = Release|Any CPU
		{C4BBDAE5-2C09-4C01-9806-D37A5A838C38}.Release|Any CPU.Build.0 = Release|Any CPU
		{CFC0E0F8-9EFA-4C51-AD89-7C862A9E1F90}.Debug|Any CPU.ActiveCfg = Debug|Any CPU
		{CFC0E0F8-9EFA-4C51-AD89-7C862A9E1F90}.Debug|Any CPU.Build.0 = Debug|Any CPU
		{CFC0E0F8-9EFA-4C51-AD89-7C862A9E1F90}.Release|Any CPU.ActiveCfg = Release|Any CPU
		{CFC0E0F8-9EFA-4C51-AD89-7C862A9E1F90}.Release|Any CPU.Build.0 = Release|Any CPU
		{5499019B-63AF-41A5-A89F-450F4FE9894D}.Debug|Any CPU.ActiveCfg = Debug|Any CPU
		{5499019B-63AF-41A5-A89F-450F4FE9894D}.Debug|Any CPU.Build.0 = Debug|Any CPU
		{5499019B-63AF-41A5-A89F-450F4FE9894D}.Release|Any CPU.ActiveCfg = Release|Any CPU
		{5499019B-63AF-41A5-A89F-450F4FE9894D}.Release|Any CPU.Build.0 = Release|Any CPU
		{344090AA-331E-4A6E-901F-938020E4D654}.Debug|Any CPU.ActiveCfg = Debug|Any CPU
		{344090AA-331E-4A6E-901F-938020E4D654}.Debug|Any CPU.Build.0 = Debug|Any CPU
		{344090AA-331E-4A6E-901F-938020E4D654}.Release|Any CPU.ActiveCfg = Release|Any CPU
		{344090AA-331E-4A6E-901F-938020E4D654}.Release|Any CPU.Build.0 = Release|Any CPU
		{5DCD8449-0E2E-424A-9290-D5572D99F44D}.Debug|Any CPU.ActiveCfg = Debug|Any CPU
		{5DCD8449-0E2E-424A-9290-D5572D99F44D}.Debug|Any CPU.Build.0 = Debug|Any CPU
		{5DCD8449-0E2E-424A-9290-D5572D99F44D}.Release|Any CPU.ActiveCfg = Release|Any CPU
		{5DCD8449-0E2E-424A-9290-D5572D99F44D}.Release|Any CPU.Build.0 = Release|Any CPU
		{7195BDA9-AADA-4084-9B01-ADD9766C26E4}.Debug|Any CPU.ActiveCfg = Debug|Any CPU
		{7195BDA9-AADA-4084-9B01-ADD9766C26E4}.Debug|Any CPU.Build.0 = Debug|Any CPU
		{7195BDA9-AADA-4084-9B01-ADD9766C26E4}.Release|Any CPU.ActiveCfg = Release|Any CPU
		{7195BDA9-AADA-4084-9B01-ADD9766C26E4}.Release|Any CPU.Build.0 = Release|Any CPU
		{D20274F0-14C6-48B5-8AE6-FB43E61BC1EF}.Debug|Any CPU.ActiveCfg = Debug|Any CPU
		{D20274F0-14C6-48B5-8AE6-FB43E61BC1EF}.Debug|Any CPU.Build.0 = Debug|Any CPU
		{D20274F0-14C6-48B5-8AE6-FB43E61BC1EF}.Release|Any CPU.ActiveCfg = Release|Any CPU
		{D20274F0-14C6-48B5-8AE6-FB43E61BC1EF}.Release|Any CPU.Build.0 = Release|Any CPU
		{1DE6E0B2-B113-4165-8ECB-0CE1C645894B}.Debug|Any CPU.ActiveCfg = Debug|Any CPU
		{1DE6E0B2-B113-4165-8ECB-0CE1C645894B}.Debug|Any CPU.Build.0 = Debug|Any CPU
		{1DE6E0B2-B113-4165-8ECB-0CE1C645894B}.Release|Any CPU.ActiveCfg = Release|Any CPU
		{1DE6E0B2-B113-4165-8ECB-0CE1C645894B}.Release|Any CPU.Build.0 = Release|Any CPU
		{F42344F6-2864-4CD4-9B4F-A6FABBB91707}.Debug|Any CPU.ActiveCfg = Debug|Any CPU
		{F42344F6-2864-4CD4-9B4F-A6FABBB91707}.Debug|Any CPU.Build.0 = Debug|Any CPU
		{F42344F6-2864-4CD4-9B4F-A6FABBB91707}.Release|Any CPU.ActiveCfg = Release|Any CPU
		{F42344F6-2864-4CD4-9B4F-A6FABBB91707}.Release|Any CPU.Build.0 = Release|Any CPU
	EndGlobalSection
	GlobalSection(SolutionProperties) = preSolution
		HideSolutionNode = FALSE
	EndGlobalSection
	GlobalSection(ExtensibilityGlobals) = postSolution
		SolutionGuid = {3E53F087-9499-47C8-9EEB-217143B0DAFD}
	EndGlobalSection
EndGlobal
